
Microsoft Visual Studio Solution File, Format Version 12.00
# Visual Studio 15
VisualStudioVersion = 15.0.28307.168
MinimumVisualStudioVersion = 10.0.40219.1
Project("{9A19103F-16F7-4668-BE54-9A1E7A4F7556}") = "lots", "lots\lots.csproj", "{1D098E4E-0B59-43A6-87E6-E725D58DD8C8}"
EndProject
Project("{9A19103F-16F7-4668-BE54-9A1E7A4F7556}") = "lots.Domain", "lots.Domain\lots.Domain.csproj", "{6C8FBE82-EF04-43BB-9DBA-73C41AA5F2B0}"
EndProject
Project("{9A19103F-16F7-4668-BE54-9A1E7A4F7556}") = "lots.BusinessLogic", "lots.BusinessLogic\lots.BusinessLogic.csproj", "{D165FF69-D17E-45F0-98E6-59A36926DC1A}"
EndProject
Project("{9A19103F-16F7-4668-BE54-9A1E7A4F7556}") = "lots.Tests", "lots.Tests\lots.Tests.csproj", "{E5C7819A-1C7C-4FCA-901E-7D0F04E03DA5}"
EndProject
Project("{2150E333-8FDC-42A3-9474-1A3956D46DE8}") = "Utilities", "Utilities", "{A845D534-4652-4580-89F6-0EE5497BE06F}"
	ProjectSection(SolutionItems) = preProject
		lots.bat = lots.bat
	EndProjectSection
EndProject
Global
	GlobalSection(SolutionConfigurationPlatforms) = preSolution
		Debug|Any CPU = Debug|Any CPU
		Release|Any CPU = Release|Any CPU
	EndGlobalSection
	GlobalSection(ProjectConfigurationPlatforms) = postSolution
		{1D098E4E-0B59-43A6-87E6-E725D58DD8C8}.Debug|Any CPU.ActiveCfg = Debug|Any CPU
		{1D098E4E-0B59-43A6-87E6-E725D58DD8C8}.Debug|Any CPU.Build.0 = Debug|Any CPU
		{1D098E4E-0B59-43A6-87E6-E725D58DD8C8}.Release|Any CPU.ActiveCfg = Release|Any CPU
		{1D098E4E-0B59-43A6-87E6-E725D58DD8C8}.Release|Any CPU.Build.0 = Release|Any CPU
		{6C8FBE82-EF04-43BB-9DBA-73C41AA5F2B0}.Debug|Any CPU.ActiveCfg = Debug|Any CPU
		{6C8FBE82-EF04-43BB-9DBA-73C41AA5F2B0}.Debug|Any CPU.Build.0 = Debug|Any CPU
		{6C8FBE82-EF04-43BB-9DBA-73C41AA5F2B0}.Release|Any CPU.ActiveCfg = Release|Any CPU
		{6C8FBE82-EF04-43BB-9DBA-73C41AA5F2B0}.Release|Any CPU.Build.0 = Release|Any CPU
		{D165FF69-D17E-45F0-98E6-59A36926DC1A}.Debug|Any CPU.ActiveCfg = Debug|Any CPU
		{D165FF69-D17E-45F0-98E6-59A36926DC1A}.Debug|Any CPU.Build.0 = Debug|Any CPU
		{D165FF69-D17E-45F0-98E6-59A36926DC1A}.Release|Any CPU.ActiveCfg = Release|Any CPU
		{D165FF69-D17E-45F0-98E6-59A36926DC1A}.Release|Any CPU.Build.0 = Release|Any CPU
		{E5C7819A-1C7C-4FCA-901E-7D0F04E03DA5}.Debug|Any CPU.ActiveCfg = Debug|Any CPU
		{E5C7819A-1C7C-4FCA-901E-7D0F04E03DA5}.Debug|Any CPU.Build.0 = Debug|Any CPU
		{E5C7819A-1C7C-4FCA-901E-7D0F04E03DA5}.Release|Any CPU.ActiveCfg = Release|Any CPU
		{E5C7819A-1C7C-4FCA-901E-7D0F04E03DA5}.Release|Any CPU.Build.0 = Release|Any CPU
	EndGlobalSection
	GlobalSection(SolutionProperties) = preSolution
		HideSolutionNode = FALSE
	EndGlobalSection
	GlobalSection(ExtensibilityGlobals) = postSolution
		SolutionGuid = {F3A1AFBA-E39E-462E-AEEC-487AE5DABE7F}
	EndGlobalSection
EndGlobal
